
Microsoft Visual Studio Solution File, Format Version 12.00
# Visual Studio Version 16
VisualStudioVersion = 16.0.29613.14
MinimumVisualStudioVersion = 10.0.40219.1
Project("{FAE04EC0-301F-11D3-BF4B-00C04F79EFBC}") = "SurveyProject", "SurveyProject\SurveyProject.csproj", "{495D99A1-800F-4505-942D-420D50A19257}"
EndProject
Global
	GlobalSection(SolutionConfigurationPlatforms) = preSolution
		Debug|Any CPU = Debug|Any CPU
		Release|Any CPU = Release|Any CPU
	EndGlobalSection
	GlobalSection(ProjectConfigurationPlatforms) = postSolution
		{495D99A1-800F-4505-942D-420D50A19257}.Debug|Any CPU.ActiveCfg = Debug|Any CPU
		{495D99A1-800F-4505-942D-420D50A19257}.Debug|Any CPU.Build.0 = Debug|Any CPU
		{495D99A1-800F-4505-942D-420D50A19257}.Release|Any CPU.ActiveCfg = Release|Any CPU
		{495D99A1-800F-4505-942D-420D50A19257}.Release|Any CPU.Build.0 = Release|Any CPU
	EndGlobalSection
	GlobalSection(SolutionProperties) = preSolution
		HideSolutionNode = FALSE
	EndGlobalSection
	GlobalSection(ExtensibilityGlobals) = postSolution
		SolutionGuid = {A2C588D5-5D22-4D1D-A2D9-4D0CFF4E1034}
	EndGlobalSection
EndGlobal
